
Microsoft Visual Studio Solution File, Format Version 12.00
# Visual Studio Version 17
VisualStudioVersion = 17.5.33516.290
MinimumVisualStudioVersion = 10.0.40219.1
Project("{2150E333-8FDC-42A3-9474-1A3956D46DE8}") = "src", "src", "{D2FD2607-475B-4977-AAB8-941845D1308A}"
EndProject
Project("{2150E333-8FDC-42A3-9474-1A3956D46DE8}") = "tests", "tests", "{9F21D7B8-8B56-476A-A737-9D55204C0DBC}"
EndProject
Project("{FAE04EC0-301F-11D3-BF4B-00C04F79EFBC}") = "FC.Codeflix.Catalog.UnitTests", "tests\FC.Codeflix.Catalog.UnitTests\FC.Codeflix.Catalog.UnitTests.csproj", "{646759B1-E390-4374-92FA-8E3C9E42094B}"
EndProject
Project("{FAE04EC0-301F-11D3-BF4B-00C04F79EFBC}") = "FC.Codeflix.Catalog.Domain", "src\FC.Codeflix.Catalog.Domain\FC.Codeflix.Catalog.Domain.csproj", "{4EF868D2-3870-4E74-A28B-B0B1942F317B}"
EndProject
Global
	GlobalSection(SolutionConfigurationPlatforms) = preSolution
		Debug|Any CPU = Debug|Any CPU
		Release|Any CPU = Release|Any CPU
	EndGlobalSection
	GlobalSection(ProjectConfigurationPlatforms) = postSolution
		{646759B1-E390-4374-92FA-8E3C9E42094B}.Debug|Any CPU.ActiveCfg = Debug|Any CPU
		{646759B1-E390-4374-92FA-8E3C9E42094B}.Debug|Any CPU.Build.0 = Debug|Any CPU
		{646759B1-E390-4374-92FA-8E3C9E42094B}.Release|Any CPU.ActiveCfg = Release|Any CPU
		{646759B1-E390-4374-92FA-8E3C9E42094B}.Release|Any CPU.Build.0 = Release|Any CPU
		{4EF868D2-3870-4E74-A28B-B0B1942F317B}.Debug|Any CPU.ActiveCfg = Debug|Any CPU
		{4EF868D2-3870-4E74-A28B-B0B1942F317B}.Debug|Any CPU.Build.0 = Debug|Any CPU
		{4EF868D2-3870-4E74-A28B-B0B1942F317B}.Release|Any CPU.ActiveCfg = Release|Any CPU
		{4EF868D2-3870-4E74-A28B-B0B1942F317B}.Release|Any CPU.Build.0 = Release|Any CPU
	EndGlobalSection
	GlobalSection(SolutionProperties) = preSolution
		HideSolutionNode = FALSE
	EndGlobalSection
	GlobalSection(NestedProjects) = preSolution
		{646759B1-E390-4374-92FA-8E3C9E42094B} = {9F21D7B8-8B56-476A-A737-9D55204C0DBC}
		{4EF868D2-3870-4E74-A28B-B0B1942F317B} = {D2FD2607-475B-4977-AAB8-941845D1308A}
	EndGlobalSection
	GlobalSection(ExtensibilityGlobals) = postSolution
		SolutionGuid = {C4C0E705-A9CB-4B98-9E28-DA1A30E0F94F}
	EndGlobalSection
EndGlobal
